
Microsoft Visual Studio Solution File, Format Version 12.00
# Visual Studio 15
VisualStudioVersion = 15.0.26730.10
MinimumVisualStudioVersion = 10.0.40219.1
Project("{F2A71F9B-5D33-465A-A702-920D77279786}") = "omarmusic", "omarmusic\omarmusic.fsproj", "{51213DF6-7917-4773-9BCF-8B7F68D63509}"
EndProject
Project("{F2A71F9B-5D33-465A-A702-920D77279786}") = "omarmusic.iOS", "omarmusic.iOS\omarmusic.iOS.fsproj", "{4D0AAE62-23EA-4E9D-B5AC-2FD0D43974DC}"
EndProject
Project("{F2A71F9B-5D33-465A-A702-920D77279786}") = "omarmusic.Android", "omarmusic.Android\omarmusic.Android.fsproj", "{097B1C8F-880B-4051-A368-7A4B709284C1}"
EndProject
Project("{2150E333-8FDC-42A3-9474-1A3956D46DE8}") = "git", "git", "{34D8C74C-EC3A-4855-A0AE-308D1584AB16}"
	ProjectSection(SolutionItems) = preProject
		.gitignore = .gitignore
	EndProjectSection
EndProject
Global
	GlobalSection(SolutionConfigurationPlatforms) = preSolution
		Ad-Hoc|Any CPU = Ad-Hoc|Any CPU
		Ad-Hoc|ARM = Ad-Hoc|ARM
		Ad-Hoc|iPhone = Ad-Hoc|iPhone
		Ad-Hoc|iPhoneSimulator = Ad-Hoc|iPhoneSimulator
		Ad-Hoc|x64 = Ad-Hoc|x64
		Ad-Hoc|x86 = Ad-Hoc|x86
		AppStore|Any CPU = AppStore|Any CPU
		AppStore|ARM = AppStore|ARM
		AppStore|iPhone = AppStore|iPhone
		AppStore|iPhoneSimulator = AppStore|iPhoneSimulator
		AppStore|x64 = AppStore|x64
		AppStore|x86 = AppStore|x86
		Debug|Any CPU = Debug|Any CPU
		Debug|ARM = Debug|ARM
		Debug|iPhone = Debug|iPhone
		Debug|iPhoneSimulator = Debug|iPhoneSimulator
		Debug|x64 = Debug|x64
		Debug|x86 = Debug|x86
		Release|Any CPU = Release|Any CPU
		Release|ARM = Release|ARM
		Release|iPhone = Release|iPhone
		Release|iPhoneSimulator = Release|iPhoneSimulator
		Release|x64 = Release|x64
		Release|x86 = Release|x86
	EndGlobalSection
	GlobalSection(ProjectConfigurationPlatforms) = postSolution
		{51213DF6-7917-4773-9BCF-8B7F68D63509}.Ad-Hoc|Any CPU.ActiveCfg = Debug|Any CPU
		{51213DF6-7917-4773-9BCF-8B7F68D63509}.Ad-Hoc|Any CPU.Build.0 = Debug|Any CPU
		{51213DF6-7917-4773-9BCF-8B7F68D63509}.Ad-Hoc|ARM.ActiveCfg = Debug|Any CPU
		{51213DF6-7917-4773-9BCF-8B7F68D63509}.Ad-Hoc|ARM.Build.0 = Debug|Any CPU
		{51213DF6-7917-4773-9BCF-8B7F68D63509}.Ad-Hoc|iPhone.ActiveCfg = Debug|Any CPU
		{51213DF6-7917-4773-9BCF-8B7F68D63509}.Ad-Hoc|iPhone.Build.0 = Debug|Any CPU
		{51213DF6-7917-4773-9BCF-8B7F68D63509}.Ad-Hoc|iPhoneSimulator.ActiveCfg = Debug|Any CPU
		{51213DF6-7917-4773-9BCF-8B7F68D63509}.Ad-Hoc|iPhoneSimulator.Build.0 = Debug|Any CPU
		{51213DF6-7917-4773-9BCF-8B7F68D63509}.Ad-Hoc|x64.ActiveCfg = Debug|Any CPU
		{51213DF6-7917-4773-9BCF-8B7F68D63509}.Ad-Hoc|x64.Build.0 = Debug|Any CPU
		{51213DF6-7917-4773-9BCF-8B7F68D63509}.Ad-Hoc|x86.ActiveCfg = Debug|Any CPU
		{51213DF6-7917-4773-9BCF-8B7F68D63509}.Ad-Hoc|x86.Build.0 = Debug|Any CPU
		{51213DF6-7917-4773-9BCF-8B7F68D63509}.AppStore|Any CPU.ActiveCfg = Debug|Any CPU
		{51213DF6-7917-4773-9BCF-8B7F68D63509}.AppStore|Any CPU.Build.0 = Debug|Any CPU
		{51213DF6-7917-4773-9BCF-8B7F68D63509}.AppStore|ARM.ActiveCfg = Debug|Any CPU
		{51213DF6-7917-4773-9BCF-8B7F68D63509}.AppStore|ARM.Build.0 = Debug|Any CPU
		{51213DF6-7917-4773-9BCF-8B7F68D63509}.AppStore|iPhone.ActiveCfg = Debug|Any CPU
		{51213DF6-7917-4773-9BCF-8B7F68D63509}.AppStore|iPhone.Build.0 = Debug|Any CPU
		{51213DF6-7917-4773-9BCF-8B7F68D63509}.AppStore|iPhoneSimulator.ActiveCfg = Debug|Any CPU
		{51213DF6-7917-4773-9BCF-8B7F68D63509}.AppStore|iPhoneSimulator.Build.0 = Debug|Any CPU
		{51213DF6-7917-4773-9BCF-8B7F68D63509}.AppStore|x64.ActiveCfg = Debug|Any CPU
		{51213DF6-7917-4773-9BCF-8B7F68D63509}.AppStore|x64.Build.0 = Debug|Any CPU
		{51213DF6-7917-4773-9BCF-8B7F68D63509}.AppStore|x86.ActiveCfg = Debug|Any CPU
		{51213DF6-7917-4773-9BCF-8B7F68D63509}.AppStore|x86.Build.0 = Debug|Any CPU
		{51213DF6-7917-4773-9BCF-8B7F68D63509}.Debug|Any CPU.ActiveCfg = Debug|Any CPU
		{51213DF6-7917-4773-9BCF-8B7F68D63509}.Debug|Any CPU.Build.0 = Debug|Any CPU
		{51213DF6-7917-4773-9BCF-8B7F68D63509}.Debug|ARM.ActiveCfg = Debug|Any CPU
		{51213DF6-7917-4773-9BCF-8B7F68D63509}.Debug|ARM.Build.0 = Debug|Any CPU
		{51213DF6-7917-4773-9BCF-8B7F68D63509}.Debug|iPhone.ActiveCfg = Debug|Any CPU
		{51213DF6-7917-4773-9BCF-8B7F68D63509}.Debug|iPhone.Build.0 = Debug|Any CPU
		{51213DF6-7917-4773-9BCF-8B7F68D63509}.Debug|iPhoneSimulator.ActiveCfg = Debug|Any CPU
		{51213DF6-7917-4773-9BCF-8B7F68D63509}.Debug|iPhoneSimulator.Build.0 = Debug|Any CPU
		{51213DF6-7917-4773-9BCF-8B7F68D63509}.Debug|x64.ActiveCfg = Debug|Any CPU
		{51213DF6-7917-4773-9BCF-8B7F68D63509}.Debug|x64.Build.0 = Debug|Any CPU
		{51213DF6-7917-4773-9BCF-8B7F68D63509}.Debug|x86.ActiveCfg = Debug|Any CPU
		{51213DF6-7917-4773-9BCF-8B7F68D63509}.Debug|x86.Build.0 = Debug|Any CPU
		{51213DF6-7917-4773-9BCF-8B7F68D63509}.Release|Any CPU.ActiveCfg = Release|Any CPU
		{51213DF6-7917-4773-9BCF-8B7F68D63509}.Release|Any CPU.Build.0 = Release|Any CPU
		{51213DF6-7917-4773-9BCF-8B7F68D63509}.Release|ARM.ActiveCfg = Release|Any CPU
		{51213DF6-7917-4773-9BCF-8B7F68D63509}.Release|ARM.Build.0 = Release|Any CPU
		{51213DF6-7917-4773-9BCF-8B7F68D63509}.Release|iPhone.ActiveCfg = Release|Any CPU
		{51213DF6-7917-4773-9BCF-8B7F68D63509}.Release|iPhone.Build.0 = Release|Any CPU
		{51213DF6-7917-4773-9BCF-8B7F68D63509}.Release|iPhoneSimulator.ActiveCfg = Release|Any CPU
		{51213DF6-7917-4773-9BCF-8B7F68D63509}.Release|iPhoneSimulator.Build.0 = Release|Any CPU
		{51213DF6-7917-4773-9BCF-8B7F68D63509}.Release|x64.ActiveCfg = Release|Any CPU
		{51213DF6-7917-4773-9BCF-8B7F68D63509}.Release|x64.Build.0 = Release|Any CPU
		{51213DF6-7917-4773-9BCF-8B7F68D63509}.Release|x86.ActiveCfg = Release|Any CPU
		{51213DF6-7917-4773-9BCF-8B7F68D63509}.Release|x86.Build.0 = Release|Any CPU
		{4D0AAE62-23EA-4E9D-B5AC-2FD0D43974DC}.Ad-Hoc|Any CPU.ActiveCfg = Ad-Hoc|iPhone
		{4D0AAE62-23EA-4E9D-B5AC-2FD0D43974DC}.Ad-Hoc|ARM.ActiveCfg = Ad-Hoc|iPhone
		{4D0AAE62-23EA-4E9D-B5AC-2FD0D43974DC}.Ad-Hoc|iPhone.ActiveCfg = Ad-Hoc|iPhone
		{4D0AAE62-23EA-4E9D-B5AC-2FD0D43974DC}.Ad-Hoc|iPhone.Build.0 = Ad-Hoc|iPhone
		{4D0AAE62-23EA-4E9D-B5AC-2FD0D43974DC}.Ad-Hoc|iPhoneSimulator.ActiveCfg = Ad-Hoc|iPhoneSimulator
		{4D0AAE62-23EA-4E9D-B5AC-2FD0D43974DC}.Ad-Hoc|iPhoneSimulator.Build.0 = Ad-Hoc|iPhoneSimulator
		{4D0AAE62-23EA-4E9D-B5AC-2FD0D43974DC}.Ad-Hoc|x64.ActiveCfg = Ad-Hoc|iPhone
		{4D0AAE62-23EA-4E9D-B5AC-2FD0D43974DC}.Ad-Hoc|x86.ActiveCfg = Ad-Hoc|iPhone
		{4D0AAE62-23EA-4E9D-B5AC-2FD0D43974DC}.AppStore|Any CPU.ActiveCfg = AppStore|iPhone
		{4D0AAE62-23EA-4E9D-B5AC-2FD0D43974DC}.AppStore|ARM.ActiveCfg = AppStore|iPhone
		{4D0AAE62-23EA-4E9D-B5AC-2FD0D43974DC}.AppStore|iPhone.ActiveCfg = AppStore|iPhone
		{4D0AAE62-23EA-4E9D-B5AC-2FD0D43974DC}.AppStore|iPhone.Build.0 = AppStore|iPhone
		{4D0AAE62-23EA-4E9D-B5AC-2FD0D43974DC}.AppStore|iPhoneSimulator.ActiveCfg = AppStore|iPhoneSimulator
		{4D0AAE62-23EA-4E9D-B5AC-2FD0D43974DC}.AppStore|iPhoneSimulator.Build.0 = AppStore|iPhoneSimulator
		{4D0AAE62-23EA-4E9D-B5AC-2FD0D43974DC}.AppStore|x64.ActiveCfg = AppStore|iPhone
		{4D0AAE62-23EA-4E9D-B5AC-2FD0D43974DC}.AppStore|x86.ActiveCfg = AppStore|iPhone
		{4D0AAE62-23EA-4E9D-B5AC-2FD0D43974DC}.Debug|Any CPU.ActiveCfg = Debug|iPhone
		{4D0AAE62-23EA-4E9D-B5AC-2FD0D43974DC}.Debug|ARM.ActiveCfg = Debug|iPhone
		{4D0AAE62-23EA-4E9D-B5AC-2FD0D43974DC}.Debug|iPhone.ActiveCfg = Debug|iPhone
		{4D0AAE62-23EA-4E9D-B5AC-2FD0D43974DC}.Debug|iPhone.Build.0 = Debug|iPhone
		{4D0AAE62-23EA-4E9D-B5AC-2FD0D43974DC}.Debug|iPhoneSimulator.ActiveCfg = Debug|iPhoneSimulator
		{4D0AAE62-23EA-4E9D-B5AC-2FD0D43974DC}.Debug|iPhoneSimulator.Build.0 = Debug|iPhoneSimulator
		{4D0AAE62-23EA-4E9D-B5AC-2FD0D43974DC}.Debug|x64.ActiveCfg = Debug|iPhone
		{4D0AAE62-23EA-4E9D-B5AC-2FD0D43974DC}.Debug|x86.ActiveCfg = Debug|iPhone
		{4D0AAE62-23EA-4E9D-B5AC-2FD0D43974DC}.Release|Any CPU.ActiveCfg = Release|iPhone
		{4D0AAE62-23EA-4E9D-B5AC-2FD0D43974DC}.Release|ARM.ActiveCfg = Release|iPhone
		{4D0AAE62-23EA-4E9D-B5AC-2FD0D43974DC}.Release|iPhone.ActiveCfg = Release|iPhone
		{4D0AAE62-23EA-4E9D-B5AC-2FD0D43974DC}.Release|iPhone.Build.0 = Release|iPhone
		{4D0AAE62-23EA-4E9D-B5AC-2FD0D43974DC}.Release|iPhoneSimulator.ActiveCfg = Release|iPhoneSimulator
		{4D0AAE62-23EA-4E9D-B5AC-2FD0D43974DC}.Release|iPhoneSimulator.Build.0 = Release|iPhoneSimulator
		{4D0AAE62-23EA-4E9D-B5AC-2FD0D43974DC}.Release|x64.ActiveCfg = Release|iPhone
		{4D0AAE62-23EA-4E9D-B5AC-2FD0D43974DC}.Release|x86.ActiveCfg = Release|iPhone
		{9DAF0743-9EB9-4C09-A7E4-FB78B83E8359}.Ad-Hoc|Any CPU.ActiveCfg = Release|x86
		{9DAF0743-9EB9-4C09-A7E4-FB78B83E8359}.Ad-Hoc|Any CPU.Build.0 = Release|x86
		{9DAF0743-9EB9-4C09-A7E4-FB78B83E8359}.Ad-Hoc|Any CPU.Deploy.0 = Release|x86
		{9DAF0743-9EB9-4C09-A7E4-FB78B83E8359}.Ad-Hoc|ARM.ActiveCfg = Release|ARM
		{9DAF0743-9EB9-4C09-A7E4-FB78B83E8359}.Ad-Hoc|ARM.Build.0 = Release|ARM
		{9DAF0743-9EB9-4C09-A7E4-FB78B83E8359}.Ad-Hoc|ARM.Deploy.0 = Release|ARM
		{9DAF0743-9EB9-4C09-A7E4-FB78B83E8359}.Ad-Hoc|iPhone.ActiveCfg = Release|x86
		{9DAF0743-9EB9-4C09-A7E4-FB78B83E8359}.Ad-Hoc|iPhone.Build.0 = Release|x86
		{9DAF0743-9EB9-4C09-A7E4-FB78B83E8359}.Ad-Hoc|iPhone.Deploy.0 = Release|x86
		{9DAF0743-9EB9-4C09-A7E4-FB78B83E8359}.Ad-Hoc|iPhoneSimulator.ActiveCfg = Release|x86
		{9DAF0743-9EB9-4C09-A7E4-FB78B83E8359}.Ad-Hoc|iPhoneSimulator.Build.0 = Release|x86
		{9DAF0743-9EB9-4C09-A7E4-FB78B83E8359}.Ad-Hoc|iPhoneSimulator.Deploy.0 = Release|x86
		{9DAF0743-9EB9-4C09-A7E4-FB78B83E8359}.Ad-Hoc|x64.ActiveCfg = Release|x64
		{9DAF0743-9EB9-4C09-A7E4-FB78B83E8359}.Ad-Hoc|x64.Build.0 = Release|x64
		{9DAF0743-9EB9-4C09-A7E4-FB78B83E8359}.Ad-Hoc|x64.Deploy.0 = Release|x64
		{9DAF0743-9EB9-4C09-A7E4-FB78B83E8359}.Ad-Hoc|x86.ActiveCfg = Release|x86
		{9DAF0743-9EB9-4C09-A7E4-FB78B83E8359}.Ad-Hoc|x86.Build.0 = Release|x86
		{9DAF0743-9EB9-4C09-A7E4-FB78B83E8359}.Ad-Hoc|x86.Deploy.0 = Release|x86
		{9DAF0743-9EB9-4C09-A7E4-FB78B83E8359}.AppStore|Any CPU.ActiveCfg = Release|x86
		{9DAF0743-9EB9-4C09-A7E4-FB78B83E8359}.AppStore|Any CPU.Build.0 = Release|x86
		{9DAF0743-9EB9-4C09-A7E4-FB78B83E8359}.AppStore|Any CPU.Deploy.0 = Release|x86
		{9DAF0743-9EB9-4C09-A7E4-FB78B83E8359}.AppStore|ARM.ActiveCfg = Release|ARM
		{9DAF0743-9EB9-4C09-A7E4-FB78B83E8359}.AppStore|ARM.Build.0 = Release|ARM
		{9DAF0743-9EB9-4C09-A7E4-FB78B83E8359}.AppStore|ARM.Deploy.0 = Release|ARM
		{9DAF0743-9EB9-4C09-A7E4-FB78B83E8359}.AppStore|iPhone.ActiveCfg = Release|x86
		{9DAF0743-9EB9-4C09-A7E4-FB78B83E8359}.AppStore|iPhone.Build.0 = Release|x86
		{9DAF0743-9EB9-4C09-A7E4-FB78B83E8359}.AppStore|iPhone.Deploy.0 = Release|x86
		{9DAF0743-9EB9-4C09-A7E4-FB78B83E8359}.AppStore|iPhoneSimulator.ActiveCfg = Release|x86
		{9DAF0743-9EB9-4C09-A7E4-FB78B83E8359}.AppStore|iPhoneSimulator.Build.0 = Release|x86
		{9DAF0743-9EB9-4C09-A7E4-FB78B83E8359}.AppStore|iPhoneSimulator.Deploy.0 = Release|x86
		{9DAF0743-9EB9-4C09-A7E4-FB78B83E8359}.AppStore|x64.ActiveCfg = Release|x64
		{9DAF0743-9EB9-4C09-A7E4-FB78B83E8359}.AppStore|x64.Build.0 = Release|x64
		{9DAF0743-9EB9-4C09-A7E4-FB78B83E8359}.AppStore|x64.Deploy.0 = Release|x64
		{9DAF0743-9EB9-4C09-A7E4-FB78B83E8359}.AppStore|x86.ActiveCfg = Release|x86
		{9DAF0743-9EB9-4C09-A7E4-FB78B83E8359}.AppStore|x86.Build.0 = Release|x86
		{9DAF0743-9EB9-4C09-A7E4-FB78B83E8359}.AppStore|x86.Deploy.0 = Release|x86
		{9DAF0743-9EB9-4C09-A7E4-FB78B83E8359}.Debug|Any CPU.ActiveCfg = Debug|x86
		{9DAF0743-9EB9-4C09-A7E4-FB78B83E8359}.Debug|ARM.ActiveCfg = Debug|ARM
		{9DAF0743-9EB9-4C09-A7E4-FB78B83E8359}.Debug|ARM.Build.0 = Debug|ARM
		{9DAF0743-9EB9-4C09-A7E4-FB78B83E8359}.Debug|ARM.Deploy.0 = Debug|ARM
		{9DAF0743-9EB9-4C09-A7E4-FB78B83E8359}.Debug|iPhone.ActiveCfg = Debug|x86
		{9DAF0743-9EB9-4C09-A7E4-FB78B83E8359}.Debug|iPhoneSimulator.ActiveCfg = Debug|x86
		{9DAF0743-9EB9-4C09-A7E4-FB78B83E8359}.Debug|x64.ActiveCfg = Debug|x64
		{9DAF0743-9EB9-4C09-A7E4-FB78B83E8359}.Debug|x64.Build.0 = Debug|x64
		{9DAF0743-9EB9-4C09-A7E4-FB78B83E8359}.Debug|x64.Deploy.0 = Debug|x64
		{9DAF0743-9EB9-4C09-A7E4-FB78B83E8359}.Debug|x86.ActiveCfg = Debug|x86
		{9DAF0743-9EB9-4C09-A7E4-FB78B83E8359}.Debug|x86.Build.0 = Debug|x86
		{9DAF0743-9EB9-4C09-A7E4-FB78B83E8359}.Debug|x86.Deploy.0 = Debug|x86
		{9DAF0743-9EB9-4C09-A7E4-FB78B83E8359}.Release|Any CPU.ActiveCfg = Release|x86
		{9DAF0743-9EB9-4C09-A7E4-FB78B83E8359}.Release|ARM.ActiveCfg = Release|ARM
		{9DAF0743-9EB9-4C09-A7E4-FB78B83E8359}.Release|ARM.Build.0 = Release|ARM
		{9DAF0743-9EB9-4C09-A7E4-FB78B83E8359}.Release|ARM.Deploy.0 = Release|ARM
		{9DAF0743-9EB9-4C09-A7E4-FB78B83E8359}.Release|iPhone.ActiveCfg = Release|x86
		{9DAF0743-9EB9-4C09-A7E4-FB78B83E8359}.Release|iPhoneSimulator.ActiveCfg = Release|x86
		{9DAF0743-9EB9-4C09-A7E4-FB78B83E8359}.Release|x64.ActiveCfg = Release|x64
		{9DAF0743-9EB9-4C09-A7E4-FB78B83E8359}.Release|x64.Build.0 = Release|x64
		{9DAF0743-9EB9-4C09-A7E4-FB78B83E8359}.Release|x64.Deploy.0 = Release|x64
		{9DAF0743-9EB9-4C09-A7E4-FB78B83E8359}.Release|x86.ActiveCfg = Release|x86
		{9DAF0743-9EB9-4C09-A7E4-FB78B83E8359}.Release|x86.Build.0 = Release|x86
		{9DAF0743-9EB9-4C09-A7E4-FB78B83E8359}.Release|x86.Deploy.0 = Release|x86
		{908308C6-E365-4190-8B65-78BB04BFBC18}.Ad-Hoc|Any CPU.ActiveCfg = Release|Any CPU
		{908308C6-E365-4190-8B65-78BB04BFBC18}.Ad-Hoc|Any CPU.Build.0 = Release|Any CPU
		{908308C6-E365-4190-8B65-78BB04BFBC18}.Ad-Hoc|ARM.ActiveCfg = Release|Any CPU
		{908308C6-E365-4190-8B65-78BB04BFBC18}.Ad-Hoc|ARM.Build.0 = Release|Any CPU
		{908308C6-E365-4190-8B65-78BB04BFBC18}.Ad-Hoc|iPhone.ActiveCfg = Release|Any CPU
		{908308C6-E365-4190-8B65-78BB04BFBC18}.Ad-Hoc|iPhone.Build.0 = Release|Any CPU
		{908308C6-E365-4190-8B65-78BB04BFBC18}.Ad-Hoc|iPhoneSimulator.ActiveCfg = Release|Any CPU
		{908308C6-E365-4190-8B65-78BB04BFBC18}.Ad-Hoc|iPhoneSimulator.Build.0 = Release|Any CPU
		{908308C6-E365-4190-8B65-78BB04BFBC18}.Ad-Hoc|x64.ActiveCfg = Release|Any CPU
		{908308C6-E365-4190-8B65-78BB04BFBC18}.Ad-Hoc|x64.Build.0 = Release|Any CPU
		{908308C6-E365-4190-8B65-78BB04BFBC18}.Ad-Hoc|x86.ActiveCfg = Release|Any CPU
		{908308C6-E365-4190-8B65-78BB04BFBC18}.Ad-Hoc|x86.Build.0 = Release|Any CPU
		{908308C6-E365-4190-8B65-78BB04BFBC18}.AppStore|Any CPU.ActiveCfg = Release|Any CPU
		{908308C6-E365-4190-8B65-78BB04BFBC18}.AppStore|Any CPU.Build.0 = Release|Any CPU
		{908308C6-E365-4190-8B65-78BB04BFBC18}.AppStore|ARM.ActiveCfg = Release|Any CPU
		{908308C6-E365-4190-8B65-78BB04BFBC18}.AppStore|ARM.Build.0 = Release|Any CPU
		{908308C6-E365-4190-8B65-78BB04BFBC18}.AppStore|iPhone.ActiveCfg = Release|Any CPU
		{908308C6-E365-4190-8B65-78BB04BFBC18}.AppStore|iPhone.Build.0 = Release|Any CPU
		{908308C6-E365-4190-8B65-78BB04BFBC18}.AppStore|iPhoneSimulator.ActiveCfg = Release|Any CPU
		{908308C6-E365-4190-8B65-78BB04BFBC18}.AppStore|iPhoneSimulator.Build.0 = Release|Any CPU
		{908308C6-E365-4190-8B65-78BB04BFBC18}.AppStore|x64.ActiveCfg = Release|Any CPU
		{908308C6-E365-4190-8B65-78BB04BFBC18}.AppStore|x64.Build.0 = Release|Any CPU
		{908308C6-E365-4190-8B65-78BB04BFBC18}.AppStore|x86.ActiveCfg = Release|Any CPU
		{908308C6-E365-4190-8B65-78BB04BFBC18}.AppStore|x86.Build.0 = Release|Any CPU
		{908308C6-E365-4190-8B65-78BB04BFBC18}.Debug|Any CPU.ActiveCfg = Debug|Any CPU
		{908308C6-E365-4190-8B65-78BB04BFBC18}.Debug|Any CPU.Build.0 = Debug|Any CPU
		{908308C6-E365-4190-8B65-78BB04BFBC18}.Debug|ARM.ActiveCfg = Debug|Any CPU
		{908308C6-E365-4190-8B65-78BB04BFBC18}.Debug|ARM.Build.0 = Debug|Any CPU
		{908308C6-E365-4190-8B65-78BB04BFBC18}.Debug|iPhone.ActiveCfg = Debug|Any CPU
		{908308C6-E365-4190-8B65-78BB04BFBC18}.Debug|iPhone.Build.0 = Debug|Any CPU
		{908308C6-E365-4190-8B65-78BB04BFBC18}.Debug|iPhoneSimulator.ActiveCfg = Debug|Any CPU
		{908308C6-E365-4190-8B65-78BB04BFBC18}.Debug|iPhoneSimulator.Build.0 = Debug|Any CPU
		{908308C6-E365-4190-8B65-78BB04BFBC18}.Debug|x64.ActiveCfg = Debug|Any CPU
		{908308C6-E365-4190-8B65-78BB04BFBC18}.Debug|x64.Build.0 = Debug|Any CPU
		{908308C6-E365-4190-8B65-78BB04BFBC18}.Debug|x86.ActiveCfg = Debug|Any CPU
		{908308C6-E365-4190-8B65-78BB04BFBC18}.Debug|x86.Build.0 = Debug|Any CPU
		{908308C6-E365-4190-8B65-78BB04BFBC18}.Release|Any CPU.ActiveCfg = Release|Any CPU
		{908308C6-E365-4190-8B65-78BB04BFBC18}.Release|Any CPU.Build.0 = Release|Any CPU
		{908308C6-E365-4190-8B65-78BB04BFBC18}.Release|ARM.ActiveCfg = Release|Any CPU
		{908308C6-E365-4190-8B65-78BB04BFBC18}.Release|ARM.Build.0 = Release|Any CPU
		{908308C6-E365-4190-8B65-78BB04BFBC18}.Release|iPhone.ActiveCfg = Release|Any CPU
		{908308C6-E365-4190-8B65-78BB04BFBC18}.Release|iPhone.Build.0 = Release|Any CPU
		{908308C6-E365-4190-8B65-78BB04BFBC18}.Release|iPhoneSimulator.ActiveCfg = Release|Any CPU
		{908308C6-E365-4190-8B65-78BB04BFBC18}.Release|iPhoneSimulator.Build.0 = Release|Any CPU
		{908308C6-E365-4190-8B65-78BB04BFBC18}.Release|x64.ActiveCfg = Release|Any CPU
		{908308C6-E365-4190-8B65-78BB04BFBC18}.Release|x64.Build.0 = Release|Any CPU
		{908308C6-E365-4190-8B65-78BB04BFBC18}.Release|x86.ActiveCfg = Release|Any CPU
		{908308C6-E365-4190-8B65-78BB04BFBC18}.Release|x86.Build.0 = Release|Any CPU
		{02C67266-10D6-49E4-8A28-B0467203802F}.Ad-Hoc|Any CPU.ActiveCfg = Release|Any CPU
		{02C67266-10D6-49E4-8A28-B0467203802F}.Ad-Hoc|Any CPU.Build.0 = Release|Any CPU
		{02C67266-10D6-49E4-8A28-B0467203802F}.Ad-Hoc|ARM.ActiveCfg = Release|Any CPU
		{02C67266-10D6-49E4-8A28-B0467203802F}.Ad-Hoc|ARM.Build.0 = Release|Any CPU
		{02C67266-10D6-49E4-8A28-B0467203802F}.Ad-Hoc|iPhone.ActiveCfg = Release|Any CPU
		{02C67266-10D6-49E4-8A28-B0467203802F}.Ad-Hoc|iPhone.Build.0 = Release|Any CPU
		{02C67266-10D6-49E4-8A28-B0467203802F}.Ad-Hoc|iPhoneSimulator.ActiveCfg = Release|Any CPU
		{02C67266-10D6-49E4-8A28-B0467203802F}.Ad-Hoc|iPhoneSimulator.Build.0 = Release|Any CPU
		{02C67266-10D6-49E4-8A28-B0467203802F}.Ad-Hoc|x64.ActiveCfg = Release|Any CPU
		{02C67266-10D6-49E4-8A28-B0467203802F}.Ad-Hoc|x64.Build.0 = Release|Any CPU
		{02C67266-10D6-49E4-8A28-B0467203802F}.Ad-Hoc|x86.ActiveCfg = Release|Any CPU
		{02C67266-10D6-49E4-8A28-B0467203802F}.Ad-Hoc|x86.Build.0 = Release|Any CPU
		{02C67266-10D6-49E4-8A28-B0467203802F}.AppStore|Any CPU.ActiveCfg = Release|Any CPU
		{02C67266-10D6-49E4-8A28-B0467203802F}.AppStore|Any CPU.Build.0 = Release|Any CPU
		{02C67266-10D6-49E4-8A28-B0467203802F}.AppStore|ARM.ActiveCfg = Release|Any CPU
		{02C67266-10D6-49E4-8A28-B0467203802F}.AppStore|ARM.Build.0 = Release|Any CPU
		{02C67266-10D6-49E4-8A28-B0467203802F}.AppStore|iPhone.ActiveCfg = Release|Any CPU
		{02C67266-10D6-49E4-8A28-B0467203802F}.AppStore|iPhone.Build.0 = Release|Any CPU
		{02C67266-10D6-49E4-8A28-B0467203802F}.AppStore|iPhoneSimulator.ActiveCfg = Release|Any CPU
		{02C67266-10D6-49E4-8A28-B0467203802F}.AppStore|iPhoneSimulator.Build.0 = Release|Any CPU
		{02C67266-10D6-49E4-8A28-B0467203802F}.AppStore|x64.ActiveCfg = Release|Any CPU
		{02C67266-10D6-49E4-8A28-B0467203802F}.AppStore|x64.Build.0 = Release|Any CPU
		{02C67266-10D6-49E4-8A28-B0467203802F}.AppStore|x86.ActiveCfg = Release|Any CPU
		{02C67266-10D6-49E4-8A28-B0467203802F}.AppStore|x86.Build.0 = Release|Any CPU
		{02C67266-10D6-49E4-8A28-B0467203802F}.Debug|Any CPU.ActiveCfg = Debug|Any CPU
		{02C67266-10D6-49E4-8A28-B0467203802F}.Debug|Any CPU.Build.0 = Debug|Any CPU
		{02C67266-10D6-49E4-8A28-B0467203802F}.Debug|ARM.ActiveCfg = Debug|Any CPU
		{02C67266-10D6-49E4-8A28-B0467203802F}.Debug|ARM.Build.0 = Debug|Any CPU
		{02C67266-10D6-49E4-8A28-B0467203802F}.Debug|iPhone.ActiveCfg = Debug|Any CPU
		{02C67266-10D6-49E4-8A28-B0467203802F}.Debug|iPhone.Build.0 = Debug|Any CPU
		{02C67266-10D6-49E4-8A28-B0467203802F}.Debug|iPhoneSimulator.ActiveCfg = Debug|Any CPU
		{02C67266-10D6-49E4-8A28-B0467203802F}.Debug|iPhoneSimulator.Build.0 = Debug|Any CPU
		{02C67266-10D6-49E4-8A28-B0467203802F}.Debug|x64.ActiveCfg = Debug|Any CPU
		{02C67266-10D6-49E4-8A28-B0467203802F}.Debug|x64.Build.0 = Debug|Any CPU
		{02C67266-10D6-49E4-8A28-B0467203802F}.Debug|x86.ActiveCfg = Debug|Any CPU
		{02C67266-10D6-49E4-8A28-B0467203802F}.Debug|x86.Build.0 = Debug|Any CPU
		{02C67266-10D6-49E4-8A28-B0467203802F}.Release|Any CPU.ActiveCfg = Release|Any CPU
		{02C67266-10D6-49E4-8A28-B0467203802F}.Release|Any CPU.Build.0 = Release|Any CPU
		{02C67266-10D6-49E4-8A28-B0467203802F}.Release|ARM.ActiveCfg = Release|Any CPU
		{02C67266-10D6-49E4-8A28-B0467203802F}.Release|ARM.Build.0 = Release|Any CPU
		{02C67266-10D6-49E4-8A28-B0467203802F}.Release|iPhone.ActiveCfg = Release|Any CPU
		{02C67266-10D6-49E4-8A28-B0467203802F}.Release|iPhone.Build.0 = Release|Any CPU
		{02C67266-10D6-49E4-8A28-B0467203802F}.Release|iPhoneSimulator.ActiveCfg = Release|Any CPU
		{02C67266-10D6-49E4-8A28-B0467203802F}.Release|iPhoneSimulator.Build.0 = Release|Any CPU
		{02C67266-10D6-49E4-8A28-B0467203802F}.Release|x64.ActiveCfg = Release|Any CPU
		{02C67266-10D6-49E4-8A28-B0467203802F}.Release|x64.Build.0 = Release|Any CPU
		{02C67266-10D6-49E4-8A28-B0467203802F}.Release|x86.ActiveCfg = Release|Any CPU
		{02C67266-10D6-49E4-8A28-B0467203802F}.Release|x86.Build.0 = Release|Any CPU
		{AE4D3C8C-5B6D-4B2E-823A-CA0E106550E7}.Ad-Hoc|Any CPU.ActiveCfg = Release|Any CPU
		{AE4D3C8C-5B6D-4B2E-823A-CA0E106550E7}.Ad-Hoc|Any CPU.Build.0 = Release|Any CPU
		{AE4D3C8C-5B6D-4B2E-823A-CA0E106550E7}.Ad-Hoc|ARM.ActiveCfg = Release|Any CPU
		{AE4D3C8C-5B6D-4B2E-823A-CA0E106550E7}.Ad-Hoc|ARM.Build.0 = Release|Any CPU
		{AE4D3C8C-5B6D-4B2E-823A-CA0E106550E7}.Ad-Hoc|iPhone.ActiveCfg = Release|Any CPU
		{AE4D3C8C-5B6D-4B2E-823A-CA0E106550E7}.Ad-Hoc|iPhone.Build.0 = Release|Any CPU
		{AE4D3C8C-5B6D-4B2E-823A-CA0E106550E7}.Ad-Hoc|iPhoneSimulator.ActiveCfg = Release|Any CPU
		{AE4D3C8C-5B6D-4B2E-823A-CA0E106550E7}.Ad-Hoc|iPhoneSimulator.Build.0 = Release|Any CPU
		{AE4D3C8C-5B6D-4B2E-823A-CA0E106550E7}.Ad-Hoc|x64.ActiveCfg = Release|Any CPU
		{AE4D3C8C-5B6D-4B2E-823A-CA0E106550E7}.Ad-Hoc|x64.Build.0 = Release|Any CPU
		{AE4D3C8C-5B6D-4B2E-823A-CA0E106550E7}.Ad-Hoc|x86.ActiveCfg = Release|Any CPU
		{AE4D3C8C-5B6D-4B2E-823A-CA0E106550E7}.Ad-Hoc|x86.Build.0 = Release|Any CPU
		{AE4D3C8C-5B6D-4B2E-823A-CA0E106550E7}.AppStore|Any CPU.ActiveCfg = Release|Any CPU
		{AE4D3C8C-5B6D-4B2E-823A-CA0E106550E7}.AppStore|Any CPU.Build.0 = Release|Any CPU
		{AE4D3C8C-5B6D-4B2E-823A-CA0E106550E7}.AppStore|ARM.ActiveCfg = Release|Any CPU
		{AE4D3C8C-5B6D-4B2E-823A-CA0E106550E7}.AppStore|ARM.Build.0 = Release|Any CPU
		{AE4D3C8C-5B6D-4B2E-823A-CA0E106550E7}.AppStore|iPhone.ActiveCfg = Release|Any CPU
		{AE4D3C8C-5B6D-4B2E-823A-CA0E106550E7}.AppStore|iPhone.Build.0 = Release|Any CPU
		{AE4D3C8C-5B6D-4B2E-823A-CA0E106550E7}.AppStore|iPhoneSimulator.ActiveCfg = Release|Any CPU
		{AE4D3C8C-5B6D-4B2E-823A-CA0E106550E7}.AppStore|iPhoneSimulator.Build.0 = Release|Any CPU
		{AE4D3C8C-5B6D-4B2E-823A-CA0E106550E7}.AppStore|x64.ActiveCfg = Release|Any CPU
		{AE4D3C8C-5B6D-4B2E-823A-CA0E106550E7}.AppStore|x64.Build.0 = Release|Any CPU
		{AE4D3C8C-5B6D-4B2E-823A-CA0E106550E7}.AppStore|x86.ActiveCfg = Release|Any CPU
		{AE4D3C8C-5B6D-4B2E-823A-CA0E106550E7}.AppStore|x86.Build.0 = Release|Any CPU
		{AE4D3C8C-5B6D-4B2E-823A-CA0E106550E7}.Debug|Any CPU.ActiveCfg = Debug|Any CPU
		{AE4D3C8C-5B6D-4B2E-823A-CA0E106550E7}.Debug|Any CPU.Build.0 = Debug|Any CPU
		{AE4D3C8C-5B6D-4B2E-823A-CA0E106550E7}.Debug|ARM.ActiveCfg = Debug|Any CPU
		{AE4D3C8C-5B6D-4B2E-823A-CA0E106550E7}.Debug|ARM.Build.0 = Debug|Any CPU
		{AE4D3C8C-5B6D-4B2E-823A-CA0E106550E7}.Debug|iPhone.ActiveCfg = Debug|Any CPU
		{AE4D3C8C-5B6D-4B2E-823A-CA0E106550E7}.Debug|iPhone.Build.0 = Debug|Any CPU
		{AE4D3C8C-5B6D-4B2E-823A-CA0E106550E7}.Debug|iPhoneSimulator.ActiveCfg = Debug|Any CPU
		{AE4D3C8C-5B6D-4B2E-823A-CA0E106550E7}.Debug|iPhoneSimulator.Build.0 = Debug|Any CPU
		{AE4D3C8C-5B6D-4B2E-823A-CA0E106550E7}.Debug|x64.ActiveCfg = Debug|Any CPU
		{AE4D3C8C-5B6D-4B2E-823A-CA0E106550E7}.Debug|x64.Build.0 = Debug|Any CPU
		{AE4D3C8C-5B6D-4B2E-823A-CA0E106550E7}.Debug|x86.ActiveCfg = Debug|Any CPU
		{AE4D3C8C-5B6D-4B2E-823A-CA0E106550E7}.Debug|x86.Build.0 = Debug|Any CPU
		{AE4D3C8C-5B6D-4B2E-823A-CA0E106550E7}.Release|Any CPU.ActiveCfg = Release|Any CPU
		{AE4D3C8C-5B6D-4B2E-823A-CA0E106550E7}.Release|Any CPU.Build.0 = Release|Any CPU
		{AE4D3C8C-5B6D-4B2E-823A-CA0E106550E7}.Release|ARM.ActiveCfg = Release|Any CPU
		{AE4D3C8C-5B6D-4B2E-823A-CA0E106550E7}.Release|ARM.Build.0 = Release|Any CPU
		{AE4D3C8C-5B6D-4B2E-823A-CA0E106550E7}.Release|iPhone.ActiveCfg = Release|Any CPU
		{AE4D3C8C-5B6D-4B2E-823A-CA0E106550E7}.Release|iPhone.Build.0 = Release|Any CPU
		{AE4D3C8C-5B6D-4B2E-823A-CA0E106550E7}.Release|iPhoneSimulator.ActiveCfg = Release|Any CPU
		{AE4D3C8C-5B6D-4B2E-823A-CA0E106550E7}.Release|iPhoneSimulator.Build.0 = Release|Any CPU
		{AE4D3C8C-5B6D-4B2E-823A-CA0E106550E7}.Release|x64.ActiveCfg = Release|Any CPU
		{AE4D3C8C-5B6D-4B2E-823A-CA0E106550E7}.Release|x64.Build.0 = Release|Any CPU
		{AE4D3C8C-5B6D-4B2E-823A-CA0E106550E7}.Release|x86.ActiveCfg = Release|Any CPU
		{AE4D3C8C-5B6D-4B2E-823A-CA0E106550E7}.Release|x86.Build.0 = Release|Any CPU
		{8E3A57A9-4BF9-44E7-A8F8-3B1625AB9387}.Ad-Hoc|Any CPU.ActiveCfg = Release|x64
		{8E3A57A9-4BF9-44E7-A8F8-3B1625AB9387}.Ad-Hoc|Any CPU.Build.0 = Release|x64
		{8E3A57A9-4BF9-44E7-A8F8-3B1625AB9387}.Ad-Hoc|Any CPU.Deploy.0 = Release|x64
		{8E3A57A9-4BF9-44E7-A8F8-3B1625AB9387}.Ad-Hoc|ARM.ActiveCfg = Release|ARM
		{8E3A57A9-4BF9-44E7-A8F8-3B1625AB9387}.Ad-Hoc|ARM.Build.0 = Release|ARM
		{8E3A57A9-4BF9-44E7-A8F8-3B1625AB9387}.Ad-Hoc|ARM.Deploy.0 = Release|ARM
		{8E3A57A9-4BF9-44E7-A8F8-3B1625AB9387}.Ad-Hoc|ARM64.ActiveCfg = Release|ARM64
		{8E3A57A9-4BF9-44E7-A8F8-3B1625AB9387}.Ad-Hoc|ARM64.Build.0 = Release|ARM64
		{8E3A57A9-4BF9-44E7-A8F8-3B1625AB9387}.Ad-Hoc|ARM64.Deploy.0 = Release|ARM64
		{8E3A57A9-4BF9-44E7-A8F8-3B1625AB9387}.Ad-Hoc|iPhone.ActiveCfg = Release|x64
		{8E3A57A9-4BF9-44E7-A8F8-3B1625AB9387}.Ad-Hoc|iPhone.Build.0 = Release|x64
		{8E3A57A9-4BF9-44E7-A8F8-3B1625AB9387}.Ad-Hoc|iPhone.Deploy.0 = Release|x64
		{8E3A57A9-4BF9-44E7-A8F8-3B1625AB9387}.Ad-Hoc|iPhoneSimulator.ActiveCfg = Release|x64
		{8E3A57A9-4BF9-44E7-A8F8-3B1625AB9387}.Ad-Hoc|iPhoneSimulator.Build.0 = Release|x64
		{8E3A57A9-4BF9-44E7-A8F8-3B1625AB9387}.Ad-Hoc|iPhoneSimulator.Deploy.0 = Release|x64
		{8E3A57A9-4BF9-44E7-A8F8-3B1625AB9387}.Ad-Hoc|x64.ActiveCfg = Release|x64
		{8E3A57A9-4BF9-44E7-A8F8-3B1625AB9387}.Ad-Hoc|x64.Build.0 = Release|x64
		{8E3A57A9-4BF9-44E7-A8F8-3B1625AB9387}.Ad-Hoc|x64.Deploy.0 = Release|x64
		{8E3A57A9-4BF9-44E7-A8F8-3B1625AB9387}.Ad-Hoc|x86.ActiveCfg = Release|x86
		{8E3A57A9-4BF9-44E7-A8F8-3B1625AB9387}.Ad-Hoc|x86.Build.0 = Release|x86
		{8E3A57A9-4BF9-44E7-A8F8-3B1625AB9387}.Ad-Hoc|x86.Deploy.0 = Release|x86
		{8E3A57A9-4BF9-44E7-A8F8-3B1625AB9387}.AppStore|Any CPU.ActiveCfg = Release|x64
		{8E3A57A9-4BF9-44E7-A8F8-3B1625AB9387}.AppStore|Any CPU.Build.0 = Release|x64
		{8E3A57A9-4BF9-44E7-A8F8-3B1625AB9387}.AppStore|Any CPU.Deploy.0 = Release|x64
		{8E3A57A9-4BF9-44E7-A8F8-3B1625AB9387}.AppStore|ARM.ActiveCfg = Release|ARM
		{8E3A57A9-4BF9-44E7-A8F8-3B1625AB9387}.AppStore|ARM.Build.0 = Release|ARM
		{8E3A57A9-4BF9-44E7-A8F8-3B1625AB9387}.AppStore|ARM.Deploy.0 = Release|ARM
		{8E3A57A9-4BF9-44E7-A8F8-3B1625AB9387}.AppStore|ARM64.ActiveCfg = Release|ARM64
		{8E3A57A9-4BF9-44E7-A8F8-3B1625AB9387}.AppStore|ARM64.Build.0 = Release|ARM64
		{8E3A57A9-4BF9-44E7-A8F8-3B1625AB9387}.AppStore|ARM64.Deploy.0 = Release|ARM64
		{8E3A57A9-4BF9-44E7-A8F8-3B1625AB9387}.AppStore|iPhone.ActiveCfg = Release|x64
		{8E3A57A9-4BF9-44E7-A8F8-3B1625AB9387}.AppStore|iPhone.Build.0 = Release|x64
		{8E3A57A9-4BF9-44E7-A8F8-3B1625AB9387}.AppStore|iPhone.Deploy.0 = Release|x64
		{8E3A57A9-4BF9-44E7-A8F8-3B1625AB9387}.AppStore|iPhoneSimulator.ActiveCfg = Release|x64
		{8E3A57A9-4BF9-44E7-A8F8-3B1625AB9387}.AppStore|iPhoneSimulator.Build.0 = Release|x64
		{8E3A57A9-4BF9-44E7-A8F8-3B1625AB9387}.AppStore|iPhoneSimulator.Deploy.0 = Release|x64
		{8E3A57A9-4BF9-44E7-A8F8-3B1625AB9387}.AppStore|x64.ActiveCfg = Release|x64
		{8E3A57A9-4BF9-44E7-A8F8-3B1625AB9387}.AppStore|x64.Build.0 = Release|x64
		{8E3A57A9-4BF9-44E7-A8F8-3B1625AB9387}.AppStore|x64.Deploy.0 = Release|x64
		{8E3A57A9-4BF9-44E7-A8F8-3B1625AB9387}.AppStore|x86.ActiveCfg = Release|x86
		{8E3A57A9-4BF9-44E7-A8F8-3B1625AB9387}.AppStore|x86.Build.0 = Release|x86
		{8E3A57A9-4BF9-44E7-A8F8-3B1625AB9387}.AppStore|x86.Deploy.0 = Release|x86
		{8E3A57A9-4BF9-44E7-A8F8-3B1625AB9387}.Debug|Any CPU.ActiveCfg = Debug|x86
		{8E3A57A9-4BF9-44E7-A8F8-3B1625AB9387}.Debug|ARM.ActiveCfg = Debug|ARM
		{8E3A57A9-4BF9-44E7-A8F8-3B1625AB9387}.Debug|ARM.Build.0 = Debug|ARM
		{8E3A57A9-4BF9-44E7-A8F8-3B1625AB9387}.Debug|ARM.Deploy.0 = Debug|ARM
		{8E3A57A9-4BF9-44E7-A8F8-3B1625AB9387}.Debug|ARM64.ActiveCfg = Debug|ARM64
		{8E3A57A9-4BF9-44E7-A8F8-3B1625AB9387}.Debug|ARM64.Build.0 = Debug|ARM64
		{8E3A57A9-4BF9-44E7-A8F8-3B1625AB9387}.Debug|ARM64.Deploy.0 = Debug|ARM64
		{8E3A57A9-4BF9-44E7-A8F8-3B1625AB9387}.Debug|iPhone.ActiveCfg = Debug|x86
		{8E3A57A9-4BF9-44E7-A8F8-3B1625AB9387}.Debug|iPhoneSimulator.ActiveCfg = Debug|x86
		{8E3A57A9-4BF9-44E7-A8F8-3B1625AB9387}.Debug|x64.ActiveCfg = Debug|x64
		{8E3A57A9-4BF9-44E7-A8F8-3B1625AB9387}.Debug|x64.Build.0 = Debug|x64
		{8E3A57A9-4BF9-44E7-A8F8-3B1625AB9387}.Debug|x64.Deploy.0 = Debug|x64
		{8E3A57A9-4BF9-44E7-A8F8-3B1625AB9387}.Debug|x86.ActiveCfg = Debug|x86
		{8E3A57A9-4BF9-44E7-A8F8-3B1625AB9387}.Debug|x86.Build.0 = Debug|x86
		{8E3A57A9-4BF9-44E7-A8F8-3B1625AB9387}.Debug|x86.Deploy.0 = Debug|x86
		{8E3A57A9-4BF9-44E7-A8F8-3B1625AB9387}.Release|Any CPU.ActiveCfg = Release|x86
		{8E3A57A9-4BF9-44E7-A8F8-3B1625AB9387}.Release|ARM.ActiveCfg = Release|ARM
		{8E3A57A9-4BF9-44E7-A8F8-3B1625AB9387}.Release|ARM.Build.0 = Release|ARM
		{8E3A57A9-4BF9-44E7-A8F8-3B1625AB9387}.Release|ARM.Deploy.0 = Release|ARM
		{8E3A57A9-4BF9-44E7-A8F8-3B1625AB9387}.Release|ARM64.ActiveCfg = Release|ARM64
		{8E3A57A9-4BF9-44E7-A8F8-3B1625AB9387}.Release|ARM64.Build.0 = Release|ARM64
		{8E3A57A9-4BF9-44E7-A8F8-3B1625AB9387}.Release|ARM64.Deploy.0 = Release|ARM64
		{8E3A57A9-4BF9-44E7-A8F8-3B1625AB9387}.Release|iPhone.ActiveCfg = Release|x86
		{8E3A57A9-4BF9-44E7-A8F8-3B1625AB9387}.Release|iPhoneSimulator.ActiveCfg = Release|x86
		{8E3A57A9-4BF9-44E7-A8F8-3B1625AB9387}.Release|x64.ActiveCfg = Release|x64
		{8E3A57A9-4BF9-44E7-A8F8-3B1625AB9387}.Release|x64.Build.0 = Release|x64
		{8E3A57A9-4BF9-44E7-A8F8-3B1625AB9387}.Release|x64.Deploy.0 = Release|x64
		{8E3A57A9-4BF9-44E7-A8F8-3B1625AB9387}.Release|x86.ActiveCfg = Release|x86
		{8E3A57A9-4BF9-44E7-A8F8-3B1625AB9387}.Release|x86.Build.0 = Release|x86
		{8E3A57A9-4BF9-44E7-A8F8-3B1625AB9387}.Release|x86.Deploy.0 = Release|x86
		{097B1C8F-880B-4051-A368-7A4B709284C1}.Ad-Hoc|Any CPU.ActiveCfg = Release|Any CPU
		{097B1C8F-880B-4051-A368-7A4B709284C1}.Ad-Hoc|Any CPU.Build.0 = Release|Any CPU
		{097B1C8F-880B-4051-A368-7A4B709284C1}.Ad-Hoc|ARM.ActiveCfg = Release|Any CPU
		{097B1C8F-880B-4051-A368-7A4B709284C1}.Ad-Hoc|ARM.Build.0 = Release|Any CPU
		{097B1C8F-880B-4051-A368-7A4B709284C1}.Ad-Hoc|iPhone.ActiveCfg = Release|Any CPU
		{097B1C8F-880B-4051-A368-7A4B709284C1}.Ad-Hoc|iPhone.Build.0 = Release|Any CPU
		{097B1C8F-880B-4051-A368-7A4B709284C1}.Ad-Hoc|iPhoneSimulator.ActiveCfg = Release|Any CPU
		{097B1C8F-880B-4051-A368-7A4B709284C1}.Ad-Hoc|iPhoneSimulator.Build.0 = Release|Any CPU
		{097B1C8F-880B-4051-A368-7A4B709284C1}.Ad-Hoc|x64.ActiveCfg = Release|Any CPU
		{097B1C8F-880B-4051-A368-7A4B709284C1}.Ad-Hoc|x64.Build.0 = Release|Any CPU
		{097B1C8F-880B-4051-A368-7A4B709284C1}.Ad-Hoc|x86.ActiveCfg = Release|Any CPU
		{097B1C8F-880B-4051-A368-7A4B709284C1}.Ad-Hoc|x86.Build.0 = Release|Any CPU
		{097B1C8F-880B-4051-A368-7A4B709284C1}.AppStore|Any CPU.ActiveCfg = Release|Any CPU
		{097B1C8F-880B-4051-A368-7A4B709284C1}.AppStore|Any CPU.Build.0 = Release|Any CPU
		{097B1C8F-880B-4051-A368-7A4B709284C1}.AppStore|ARM.ActiveCfg = Release|Any CPU
		{097B1C8F-880B-4051-A368-7A4B709284C1}.AppStore|ARM.Build.0 = Release|Any CPU
		{097B1C8F-880B-4051-A368-7A4B709284C1}.AppStore|iPhone.ActiveCfg = Release|Any CPU
		{097B1C8F-880B-4051-A368-7A4B709284C1}.AppStore|iPhone.Build.0 = Release|Any CPU
		{097B1C8F-880B-4051-A368-7A4B709284C1}.AppStore|iPhoneSimulator.ActiveCfg = Release|Any CPU
		{097B1C8F-880B-4051-A368-7A4B709284C1}.AppStore|iPhoneSimulator.Build.0 = Release|Any CPU
		{097B1C8F-880B-4051-A368-7A4B709284C1}.AppStore|x64.ActiveCfg = Release|Any CPU
		{097B1C8F-880B-4051-A368-7A4B709284C1}.AppStore|x64.Build.0 = Release|Any CPU
		{097B1C8F-880B-4051-A368-7A4B709284C1}.AppStore|x86.ActiveCfg = Release|Any CPU
		{097B1C8F-880B-4051-A368-7A4B709284C1}.AppStore|x86.Build.0 = Release|Any CPU
		{097B1C8F-880B-4051-A368-7A4B709284C1}.Debug|Any CPU.ActiveCfg = Debug|Any CPU
		{097B1C8F-880B-4051-A368-7A4B709284C1}.Debug|Any CPU.Build.0 = Debug|Any CPU
		{097B1C8F-880B-4051-A368-7A4B709284C1}.Debug|Any CPU.Deploy.0 = Debug|Any CPU
		{097B1C8F-880B-4051-A368-7A4B709284C1}.Debug|ARM.ActiveCfg = Debug|Any CPU
		{097B1C8F-880B-4051-A368-7A4B709284C1}.Debug|ARM.Build.0 = Debug|Any CPU
		{097B1C8F-880B-4051-A368-7A4B709284C1}.Debug|iPhone.ActiveCfg = Debug|Any CPU
		{097B1C8F-880B-4051-A368-7A4B709284C1}.Debug|iPhone.Build.0 = Debug|Any CPU
		{097B1C8F-880B-4051-A368-7A4B709284C1}.Debug|iPhoneSimulator.ActiveCfg = Debug|Any CPU
		{097B1C8F-880B-4051-A368-7A4B709284C1}.Debug|iPhoneSimulator.Build.0 = Debug|Any CPU
		{097B1C8F-880B-4051-A368-7A4B709284C1}.Debug|x64.ActiveCfg = Debug|Any CPU
		{097B1C8F-880B-4051-A368-7A4B709284C1}.Debug|x64.Build.0 = Debug|Any CPU
		{097B1C8F-880B-4051-A368-7A4B709284C1}.Debug|x86.ActiveCfg = Debug|Any CPU
		{097B1C8F-880B-4051-A368-7A4B709284C1}.Debug|x86.Build.0 = Debug|Any CPU
		{097B1C8F-880B-4051-A368-7A4B709284C1}.Release|Any CPU.ActiveCfg = Release|Any CPU
		{097B1C8F-880B-4051-A368-7A4B709284C1}.Release|Any CPU.Build.0 = Release|Any CPU
		{097B1C8F-880B-4051-A368-7A4B709284C1}.Release|Any CPU.Deploy.0 = Release|Any CPU
		{097B1C8F-880B-4051-A368-7A4B709284C1}.Release|ARM.ActiveCfg = Release|Any CPU
		{097B1C8F-880B-4051-A368-7A4B709284C1}.Release|ARM.Build.0 = Release|Any CPU
		{097B1C8F-880B-4051-A368-7A4B709284C1}.Release|iPhone.ActiveCfg = Release|Any CPU
		{097B1C8F-880B-4051-A368-7A4B709284C1}.Release|iPhone.Build.0 = Release|Any CPU
		{097B1C8F-880B-4051-A368-7A4B709284C1}.Release|iPhoneSimulator.ActiveCfg = Release|Any CPU
		{097B1C8F-880B-4051-A368-7A4B709284C1}.Release|iPhoneSimulator.Build.0 = Release|Any CPU
		{097B1C8F-880B-4051-A368-7A4B709284C1}.Release|x64.ActiveCfg = Release|Any CPU
		{097B1C8F-880B-4051-A368-7A4B709284C1}.Release|x64.Build.0 = Release|Any CPU
		{097B1C8F-880B-4051-A368-7A4B709284C1}.Release|x86.ActiveCfg = Release|Any CPU
		{097B1C8F-880B-4051-A368-7A4B709284C1}.Release|x86.Build.0 = Release|Any CPU
	EndGlobalSection
	GlobalSection(SolutionProperties) = preSolution
		HideSolutionNode = FALSE
	EndGlobalSection
	GlobalSection(ExtensibilityGlobals) = postSolution
		SolutionGuid = {F6D05029-56B8-4E45-AF2D-0E76295DDBA2}
	EndGlobalSection
EndGlobal
